
Microsoft Visual Studio Solution File, Format Version 12.00
# Visual Studio 15
VisualStudioVersion = 15.0.26430.16
MinimumVisualStudioVersion = 10.0.40219.1
Project("{8BC9CEB8-8B4A-11D0-8D11-00A0C91BC942}") = "DirectX12-FrameWork", "DirectX12-FrameWork\DirectX12-FrameWork.vcxproj", "{62932349-890C-4D8C-A0E3-BB9885B98500}"
EndProject
Project("{2150E333-8FDC-42A3-9474-1A3956D46DE8}") = "UnitTests", "UnitTests", "{871757A7-34B6-424E-8CD8-92EAD05EEF4A}"
EndProject
Project("{8BC9CEB8-8B4A-11D0-8D11-00A0C91BC942}") = "1 - Triangle", "UnitTests\1 - Triangle\1 - Triangle.vcxproj", "{B28E711C-B75D-4356-891C-56858C2BB47E}"
	ProjectSection(ProjectDependencies) = postProject
		{62932349-890C-4D8C-A0E3-BB9885B98500} = {62932349-890C-4D8C-A0E3-BB9885B98500}
	EndProjectSection
EndProject
Project("{8BC9CEB8-8B4A-11D0-8D11-00A0C91BC942}") = "2 - ConstantBuffer", "UnitTests\2 - ConstantBuffer\2 - ConstantBuffer.vcxproj", "{28171430-7762-4A9F-98D8-D515A5C78A32}"
	ProjectSection(ProjectDependencies) = postProject
		{62932349-890C-4D8C-A0E3-BB9885B98500} = {62932349-890C-4D8C-A0E3-BB9885B98500}
	EndProjectSection
EndProject
Project("{8BC9CEB8-8B4A-11D0-8D11-00A0C91BC942}") = "3 - IndexBuffer", "UnitTests\3 - IndexBuffer\3 - IndexBuffer.vcxproj", "{9641CC52-A19B-4CBA-9F16-306D26F2E398}"
	ProjectSection(ProjectDependencies) = postProject
		{62932349-890C-4D8C-A0E3-BB9885B98500} = {62932349-890C-4D8C-A0E3-BB9885B98500}
	EndProjectSection
EndProject
Project("{8BC9CEB8-8B4A-11D0-8D11-00A0C91BC942}") = "4 - StructeredBuffer", "UnitTests\4 - StructeredBuffer\4 - StructeredBuffer.vcxproj", "{DEE2A257-7B21-47B3-A66D-3CCDF77356BA}"
	ProjectSection(ProjectDependencies) = postProject
		{62932349-890C-4D8C-A0E3-BB9885B98500} = {62932349-890C-4D8C-A0E3-BB9885B98500}
	EndProjectSection
EndProject
Project("{8BC9CEB8-8B4A-11D0-8D11-00A0C91BC942}") = "5 - StructeredBufferWrite", "UnitTests\5 - StructeredBufferWrite\5 - StructeredBufferWrite.vcxproj", "{7CD0AA15-E82F-44A1-BCFA-87D40B47ABB3}"
	ProjectSection(ProjectDependencies) = postProject
		{62932349-890C-4D8C-A0E3-BB9885B98500} = {62932349-890C-4D8C-A0E3-BB9885B98500}
	EndProjectSection
EndProject
Project("{8BC9CEB8-8B4A-11D0-8D11-00A0C91BC942}") = "6 - AppendConsumeBuffer", "UnitTests\6 - AppendConsumeBuffer\6 - AppendConsumeBuffer.vcxproj", "{D420AA1C-3A07-4B2E-BA81-5F83B84D81BB}"
	ProjectSection(ProjectDependencies) = postProject
		{62932349-890C-4D8C-A0E3-BB9885B98500} = {62932349-890C-4D8C-A0E3-BB9885B98500}
	EndProjectSection
EndProject
Project("{8BC9CEB8-8B4A-11D0-8D11-00A0C91BC942}") = "7 - DepthTest", "UnitTests\7 - DepthTest\7 - DepthTest.vcxproj", "{A547C017-5468-41EB-9744-3B200708FB71}"
	ProjectSection(ProjectDependencies) = postProject
		{62932349-890C-4D8C-A0E3-BB9885B98500} = {62932349-890C-4D8C-A0E3-BB9885B98500}
	EndProjectSection
EndProject
Project("{8BC9CEB8-8B4A-11D0-8D11-00A0C91BC942}") = "8 - FrameBuffer", "UnitTests\8 - FrameBuffer\8 - FrameBuffer.vcxproj", "{E27ADD6B-E3BA-4FD1-AB6B-8A0B05BCE55E}"
	ProjectSection(ProjectDependencies) = postProject
		{62932349-890C-4D8C-A0E3-BB9885B98500} = {62932349-890C-4D8C-A0E3-BB9885B98500}
	EndProjectSection
EndProject
Project("{8BC9CEB8-8B4A-11D0-8D11-00A0C91BC942}") = "9 - ModelLoading", "UnitTests\9 - ModelLoading\9 - ModelLoading.vcxproj", "{CFBC611D-9E55-4C5E-A3BD-0199C3D49F4D}"
	ProjectSection(ProjectDependencies) = postProject
		{62932349-890C-4D8C-A0E3-BB9885B98500} = {62932349-890C-4D8C-A0E3-BB9885B98500}
		{3114F873-50B8-4BE1-8A70-12B0FFE7E8C8} = {3114F873-50B8-4BE1-8A70-12B0FFE7E8C8}
	EndProjectSection
EndProject
Project("{8BC9CEB8-8B4A-11D0-8D11-00A0C91BC942}") = "GraphicsUtility", "GraphicsUtility\GraphicsUtility.vcxproj", "{3114F873-50B8-4BE1-8A70-12B0FFE7E8C8}"
EndProject
Project("{2150E333-8FDC-42A3-9474-1A3956D46DE8}") = "GraphicsTechniques", "GraphicsTechniques", "{754DFEE7-988E-4314-9E54-DAB65100AAB8}"
EndProject
Project("{8BC9CEB8-8B4A-11D0-8D11-00A0C91BC942}") = "BRDF", "GraphicsTechniques\BRDF\BRDF.vcxproj", "{29E7B0C2-A92D-4F53-BEA4-53A7BE7D3686}"
	ProjectSection(ProjectDependencies) = postProject
		{62932349-890C-4D8C-A0E3-BB9885B98500} = {62932349-890C-4D8C-A0E3-BB9885B98500}
		{3114F873-50B8-4BE1-8A70-12B0FFE7E8C8} = {3114F873-50B8-4BE1-8A70-12B0FFE7E8C8}
	EndProjectSection
EndProject
Project("{8BC9CEB8-8B4A-11D0-8D11-00A0C91BC942}") = "10 - GammaCorrection", "UnitTests\10 - GammaCorrection\10 - GammaCorrection.vcxproj", "{FFDBE972-5D8F-4F2D-8E03-343FBCB23B13}"
	ProjectSection(ProjectDependencies) = postProject
		{62932349-890C-4D8C-A0E3-BB9885B98500} = {62932349-890C-4D8C-A0E3-BB9885B98500}
		{3114F873-50B8-4BE1-8A70-12B0FFE7E8C8} = {3114F873-50B8-4BE1-8A70-12B0FFE7E8C8}
	EndProjectSection
EndProject
Project("{8BC9CEB8-8B4A-11D0-8D11-00A0C91BC942}") = "11 - SkyBox", "UnitTests\11 - SkyBox\11 - SkyBox.vcxproj", "{A6D1D0BA-3AD3-44AC-A84A-01EFE3A55162}"
	ProjectSection(ProjectDependencies) = postProject
		{62932349-890C-4D8C-A0E3-BB9885B98500} = {62932349-890C-4D8C-A0E3-BB9885B98500}
		{3114F873-50B8-4BE1-8A70-12B0FFE7E8C8} = {3114F873-50B8-4BE1-8A70-12B0FFE7E8C8}
	EndProjectSection
EndProject
Project("{8BC9CEB8-8B4A-11D0-8D11-00A0C91BC942}") = "ShadowMap", "GraphicsTechniques\ShadowMap\ShadowMap.vcxproj", "{E9AC5ADA-0B03-4A3A-8A96-84CFCB618AC2}"
	ProjectSection(ProjectDependencies) = postProject
		{62932349-890C-4D8C-A0E3-BB9885B98500} = {62932349-890C-4D8C-A0E3-BB9885B98500}
		{3114F873-50B8-4BE1-8A70-12B0FFE7E8C8} = {3114F873-50B8-4BE1-8A70-12B0FFE7E8C8}
	EndProjectSection
EndProject
Project("{8BC9CEB8-8B4A-11D0-8D11-00A0C91BC942}") = "OmniDirectionShadowMap", "GraphicsTechniques\OmniDirectionShadowMap\OmniDirectionShadowMap.vcxproj", "{0D516FC8-A348-4CAA-90F8-C24A0BC6A846}"
	ProjectSection(ProjectDependencies) = postProject
		{62932349-890C-4D8C-A0E3-BB9885B98500} = {62932349-890C-4D8C-A0E3-BB9885B98500}
		{3114F873-50B8-4BE1-8A70-12B0FFE7E8C8} = {3114F873-50B8-4BE1-8A70-12B0FFE7E8C8}
	EndProjectSection
EndProject
Project("{8BC9CEB8-8B4A-11D0-8D11-00A0C91BC942}") = "12 - RootConstants", "UnitTests\12 - RootConstants\12 - RootConstants.vcxproj", "{99DB7D21-C088-4568-B186-6F93066C4CAF}"
	ProjectSection(ProjectDependencies) = postProject
		{62932349-890C-4D8C-A0E3-BB9885B98500} = {62932349-890C-4D8C-A0E3-BB9885B98500}
	EndProjectSection
EndProject
Project("{8BC9CEB8-8B4A-11D0-8D11-00A0C91BC942}") = "DefferedShading", "GraphicsTechniques\DefferedShading\DefferedShading.vcxproj", "{B3B07D8C-68CF-4CD2-9CAC-CB84E693180D}"
	ProjectSection(ProjectDependencies) = postProject
		{62932349-890C-4D8C-A0E3-BB9885B98500} = {62932349-890C-4D8C-A0E3-BB9885B98500}
		{3114F873-50B8-4BE1-8A70-12B0FFE7E8C8} = {3114F873-50B8-4BE1-8A70-12B0FFE7E8C8}
	EndProjectSection
EndProject
Project("{8BC9CEB8-8B4A-11D0-8D11-00A0C91BC942}") = "13 - MipmapGenerate", "UnitTests\13 - MipmapGenerate\13 - MipmapGenerate.vcxproj", "{EDFA6790-E5F8-4B41-AC53-56E7AEB0941D}"
	ProjectSection(ProjectDependencies) = postProject
		{62932349-890C-4D8C-A0E3-BB9885B98500} = {62932349-890C-4D8C-A0E3-BB9885B98500}
		{3114F873-50B8-4BE1-8A70-12B0FFE7E8C8} = {3114F873-50B8-4BE1-8A70-12B0FFE7E8C8}
	EndProjectSection
EndProject
Project("{8BC9CEB8-8B4A-11D0-8D11-00A0C91BC942}") = "14 - IrradianceCubeMap", "UnitTests\14 - IrradianceCubeMap\14 - IrradianceCubeMap.vcxproj", "{DD1242BD-705D-4466-B694-2CB16136F384}"
	ProjectSection(ProjectDependencies) = postProject
		{62932349-890C-4D8C-A0E3-BB9885B98500} = {62932349-890C-4D8C-A0E3-BB9885B98500}
		{3114F873-50B8-4BE1-8A70-12B0FFE7E8C8} = {3114F873-50B8-4BE1-8A70-12B0FFE7E8C8}
	EndProjectSection
EndProject
Project("{8BC9CEB8-8B4A-11D0-8D11-00A0C91BC942}") = "ImageBasedLighting", "GraphicsTechniques\ImageBasedLighting\ImageBasedLighting.vcxproj", "{30192532-DBBD-4F8C-973E-11BC8975300A}"
	ProjectSection(ProjectDependencies) = postProject
		{62932349-890C-4D8C-A0E3-BB9885B98500} = {62932349-890C-4D8C-A0E3-BB9885B98500}
		{3114F873-50B8-4BE1-8A70-12B0FFE7E8C8} = {3114F873-50B8-4BE1-8A70-12B0FFE7E8C8}
	EndProjectSection
EndProject
Project("{8BC9CEB8-8B4A-11D0-8D11-00A0C91BC942}") = "LensFlare", "GraphicsTechniques\LensFlare\LensFlare.vcxproj", "{F1206F9F-35AB-4686-8A36-206ABD1E83E3}"
EndProject
Project("{8BC9CEB8-8B4A-11D0-8D11-00A0C91BC942}") = "15 - GPUParticles", "UnitTests\15 - GPUParticles\15 - GPUParticles.vcxproj", "{D5337B59-D2E2-44E8-BEEB-DEFBCAECC41E}"
	ProjectSection(ProjectDependencies) = postProject
		{62932349-890C-4D8C-A0E3-BB9885B98500} = {62932349-890C-4D8C-A0E3-BB9885B98500}
		{3114F873-50B8-4BE1-8A70-12B0FFE7E8C8} = {3114F873-50B8-4BE1-8A70-12B0FFE7E8C8}
	EndProjectSection
EndProject
Project("{8BC9CEB8-8B4A-11D0-8D11-00A0C91BC942}") = "16 - GeometryShader", "UnitTests\16 - GeometryShader\16 - GeometryShader.vcxproj", "{33C61B81-E14C-4610-A1ED-9DC865AD059B}"
	ProjectSection(ProjectDependencies) = postProject
		{62932349-890C-4D8C-A0E3-BB9885B98500} = {62932349-890C-4D8C-A0E3-BB9885B98500}
		{3114F873-50B8-4BE1-8A70-12B0FFE7E8C8} = {3114F873-50B8-4BE1-8A70-12B0FFE7E8C8}
	EndProjectSection
EndProject
Project("{8BC9CEB8-8B4A-11D0-8D11-00A0C91BC942}") = "17 - BezierPlane", "UnitTests\17 - BezierPlane\17 - BezierPlane.vcxproj", "{3DEC82EE-3883-451B-94CE-25E0E2FF9DDA}"
	ProjectSection(ProjectDependencies) = postProject
		{62932349-890C-4D8C-A0E3-BB9885B98500} = {62932349-890C-4D8C-A0E3-BB9885B98500}
		{3114F873-50B8-4BE1-8A70-12B0FFE7E8C8} = {3114F873-50B8-4BE1-8A70-12B0FFE7E8C8}
	EndProjectSection
EndProject
Global
	GlobalSection(SolutionConfigurationPlatforms) = preSolution
		Debug|x64 = Debug|x64
		Debug|x86 = Debug|x86
		Release|x64 = Release|x64
		Release|x86 = Release|x86
	EndGlobalSection
	GlobalSection(ProjectConfigurationPlatforms) = postSolution
		{62932349-890C-4D8C-A0E3-BB9885B98500}.Debug|x64.ActiveCfg = Debug|x64
		{62932349-890C-4D8C-A0E3-BB9885B98500}.Debug|x64.Build.0 = Debug|x64
		{62932349-890C-4D8C-A0E3-BB9885B98500}.Debug|x86.ActiveCfg = Debug|Win32
		{62932349-890C-4D8C-A0E3-BB9885B98500}.Debug|x86.Build.0 = Debug|Win32
		{62932349-890C-4D8C-A0E3-BB9885B98500}.Release|x64.ActiveCfg = Release|x64
		{62932349-890C-4D8C-A0E3-BB9885B98500}.Release|x64.Build.0 = Release|x64
		{62932349-890C-4D8C-A0E3-BB9885B98500}.Release|x86.ActiveCfg = Release|Win32
		{62932349-890C-4D8C-A0E3-BB9885B98500}.Release|x86.Build.0 = Release|Win32
		{B28E711C-B75D-4356-891C-56858C2BB47E}.Debug|x64.ActiveCfg = Debug|x64
		{B28E711C-B75D-4356-891C-56858C2BB47E}.Debug|x64.Build.0 = Debug|x64
		{B28E711C-B75D-4356-891C-56858C2BB47E}.Debug|x86.ActiveCfg = Debug|Win32
		{B28E711C-B75D-4356-891C-56858C2BB47E}.Debug|x86.Build.0 = Debug|Win32
		{B28E711C-B75D-4356-891C-56858C2BB47E}.Release|x64.ActiveCfg = Release|x64
		{B28E711C-B75D-4356-891C-56858C2BB47E}.Release|x64.Build.0 = Release|x64
		{B28E711C-B75D-4356-891C-56858C2BB47E}.Release|x86.ActiveCfg = Release|Win32
		{B28E711C-B75D-4356-891C-56858C2BB47E}.Release|x86.Build.0 = Release|Win32
		{28171430-7762-4A9F-98D8-D515A5C78A32}.Debug|x64.ActiveCfg = Debug|x64
		{28171430-7762-4A9F-98D8-D515A5C78A32}.Debug|x64.Build.0 = Debug|x64
		{28171430-7762-4A9F-98D8-D515A5C78A32}.Debug|x86.ActiveCfg = Debug|Win32
		{28171430-7762-4A9F-98D8-D515A5C78A32}.Debug|x86.Build.0 = Debug|Win32
		{28171430-7762-4A9F-98D8-D515A5C78A32}.Release|x64.ActiveCfg = Release|x64
		{28171430-7762-4A9F-98D8-D515A5C78A32}.Release|x64.Build.0 = Release|x64
		{28171430-7762-4A9F-98D8-D515A5C78A32}.Release|x86.ActiveCfg = Release|Win32
		{28171430-7762-4A9F-98D8-D515A5C78A32}.Release|x86.Build.0 = Release|Win32
		{9641CC52-A19B-4CBA-9F16-306D26F2E398}.Debug|x64.ActiveCfg = Debug|x64
		{9641CC52-A19B-4CBA-9F16-306D26F2E398}.Debug|x64.Build.0 = Debug|x64
		{9641CC52-A19B-4CBA-9F16-306D26F2E398}.Debug|x86.ActiveCfg = Debug|Win32
		{9641CC52-A19B-4CBA-9F16-306D26F2E398}.Debug|x86.Build.0 = Debug|Win32
		{9641CC52-A19B-4CBA-9F16-306D26F2E398}.Release|x64.ActiveCfg = Release|x64
		{9641CC52-A19B-4CBA-9F16-306D26F2E398}.Release|x64.Build.0 = Release|x64
		{9641CC52-A19B-4CBA-9F16-306D26F2E398}.Release|x86.ActiveCfg = Release|Win32
		{9641CC52-A19B-4CBA-9F16-306D26F2E398}.Release|x86.Build.0 = Release|Win32
		{DEE2A257-7B21-47B3-A66D-3CCDF77356BA}.Debug|x64.ActiveCfg = Debug|x64
		{DEE2A257-7B21-47B3-A66D-3CCDF77356BA}.Debug|x64.Build.0 = Debug|x64
		{DEE2A257-7B21-47B3-A66D-3CCDF77356BA}.Debug|x86.ActiveCfg = Debug|Win32
		{DEE2A257-7B21-47B3-A66D-3CCDF77356BA}.Debug|x86.Build.0 = Debug|Win32
		{DEE2A257-7B21-47B3-A66D-3CCDF77356BA}.Release|x64.ActiveCfg = Release|x64
		{DEE2A257-7B21-47B3-A66D-3CCDF77356BA}.Release|x64.Build.0 = Release|x64
		{DEE2A257-7B21-47B3-A66D-3CCDF77356BA}.Release|x86.ActiveCfg = Release|Win32
		{DEE2A257-7B21-47B3-A66D-3CCDF77356BA}.Release|x86.Build.0 = Release|Win32
		{7CD0AA15-E82F-44A1-BCFA-87D40B47ABB3}.Debug|x64.ActiveCfg = Debug|x64
		{7CD0AA15-E82F-44A1-BCFA-87D40B47ABB3}.Debug|x64.Build.0 = Debug|x64
		{7CD0AA15-E82F-44A1-BCFA-87D40B47ABB3}.Debug|x86.ActiveCfg = Debug|Win32
		{7CD0AA15-E82F-44A1-BCFA-87D40B47ABB3}.Debug|x86.Build.0 = Debug|Win32
		{7CD0AA15-E82F-44A1-BCFA-87D40B47ABB3}.Release|x64.ActiveCfg = Release|x64
		{7CD0AA15-E82F-44A1-BCFA-87D40B47ABB3}.Release|x64.Build.0 = Release|x64
		{7CD0AA15-E82F-44A1-BCFA-87D40B47ABB3}.Release|x86.ActiveCfg = Release|Win32
		{7CD0AA15-E82F-44A1-BCFA-87D40B47ABB3}.Release|x86.Build.0 = Release|Win32
		{D420AA1C-3A07-4B2E-BA81-5F83B84D81BB}.Debug|x64.ActiveCfg = Debug|x64
		{D420AA1C-3A07-4B2E-BA81-5F83B84D81BB}.Debug|x64.Build.0 = Debug|x64
		{D420AA1C-3A07-4B2E-BA81-5F83B84D81BB}.Debug|x86.ActiveCfg = Debug|Win32
		{D420AA1C-3A07-4B2E-BA81-5F83B84D81BB}.Debug|x86.Build.0 = Debug|Win32
		{D420AA1C-3A07-4B2E-BA81-5F83B84D81BB}.Release|x64.ActiveCfg = Release|x64
		{D420AA1C-3A07-4B2E-BA81-5F83B84D81BB}.Release|x64.Build.0 = Release|x64
		{D420AA1C-3A07-4B2E-BA81-5F83B84D81BB}.Release|x86.ActiveCfg = Release|Win32
		{D420AA1C-3A07-4B2E-BA81-5F83B84D81BB}.Release|x86.Build.0 = Release|Win32
		{A547C017-5468-41EB-9744-3B200708FB71}.Debug|x64.ActiveCfg = Debug|x64
		{A547C017-5468-41EB-9744-3B200708FB71}.Debug|x64.Build.0 = Debug|x64
		{A547C017-5468-41EB-9744-3B200708FB71}.Debug|x86.ActiveCfg = Debug|Win32
		{A547C017-5468-41EB-9744-3B200708FB71}.Debug|x86.Build.0 = Debug|Win32
		{A547C017-5468-41EB-9744-3B200708FB71}.Release|x64.ActiveCfg = Release|x64
		{A547C017-5468-41EB-9744-3B200708FB71}.Release|x64.Build.0 = Release|x64
		{A547C017-5468-41EB-9744-3B200708FB71}.Release|x86.ActiveCfg = Release|Win32
		{A547C017-5468-41EB-9744-3B200708FB71}.Release|x86.Build.0 = Release|Win32
		{E27ADD6B-E3BA-4FD1-AB6B-8A0B05BCE55E}.Debug|x64.ActiveCfg = Debug|x64
		{E27ADD6B-E3BA-4FD1-AB6B-8A0B05BCE55E}.Debug|x64.Build.0 = Debug|x64
		{E27ADD6B-E3BA-4FD1-AB6B-8A0B05BCE55E}.Debug|x86.ActiveCfg = Debug|Win32
		{E27ADD6B-E3BA-4FD1-AB6B-8A0B05BCE55E}.Debug|x86.Build.0 = Debug|Win32
		{E27ADD6B-E3BA-4FD1-AB6B-8A0B05BCE55E}.Release|x64.ActiveCfg = Release|x64
		{E27ADD6B-E3BA-4FD1-AB6B-8A0B05BCE55E}.Release|x64.Build.0 = Release|x64
		{E27ADD6B-E3BA-4FD1-AB6B-8A0B05BCE55E}.Release|x86.ActiveCfg = Release|Win32
		{E27ADD6B-E3BA-4FD1-AB6B-8A0B05BCE55E}.Release|x86.Build.0 = Release|Win32
		{CFBC611D-9E55-4C5E-A3BD-0199C3D49F4D}.Debug|x64.ActiveCfg = Debug|x64
		{CFBC611D-9E55-4C5E-A3BD-0199C3D49F4D}.Debug|x64.Build.0 = Debug|x64
		{CFBC611D-9E55-4C5E-A3BD-0199C3D49F4D}.Debug|x86.ActiveCfg = Debug|Win32
		{CFBC611D-9E55-4C5E-A3BD-0199C3D49F4D}.Debug|x86.Build.0 = Debug|Win32
		{CFBC611D-9E55-4C5E-A3BD-0199C3D49F4D}.Release|x64.ActiveCfg = Release|x64
		{CFBC611D-9E55-4C5E-A3BD-0199C3D49F4D}.Release|x64.Build.0 = Release|x64
		{CFBC611D-9E55-4C5E-A3BD-0199C3D49F4D}.Release|x86.ActiveCfg = Release|Win32
		{CFBC611D-9E55-4C5E-A3BD-0199C3D49F4D}.Release|x86.Build.0 = Release|Win32
		{3114F873-50B8-4BE1-8A70-12B0FFE7E8C8}.Debug|x64.ActiveCfg = Debug|x64
		{3114F873-50B8-4BE1-8A70-12B0FFE7E8C8}.Debug|x64.Build.0 = Debug|x64
		{3114F873-50B8-4BE1-8A70-12B0FFE7E8C8}.Debug|x86.ActiveCfg = Debug|Win32
		{3114F873-50B8-4BE1-8A70-12B0FFE7E8C8}.Debug|x86.Build.0 = Debug|Win32
		{3114F873-50B8-4BE1-8A70-12B0FFE7E8C8}.Release|x64.ActiveCfg = Release|x64
		{3114F873-50B8-4BE1-8A70-12B0FFE7E8C8}.Release|x64.Build.0 = Release|x64
		{3114F873-50B8-4BE1-8A70-12B0FFE7E8C8}.Release|x86.ActiveCfg = Release|Win32
		{3114F873-50B8-4BE1-8A70-12B0FFE7E8C8}.Release|x86.Build.0 = Release|Win32
		{29E7B0C2-A92D-4F53-BEA4-53A7BE7D3686}.Debug|x64.ActiveCfg = Debug|x64
		{29E7B0C2-A92D-4F53-BEA4-53A7BE7D3686}.Debug|x64.Build.0 = Debug|x64
		{29E7B0C2-A92D-4F53-BEA4-53A7BE7D3686}.Debug|x86.ActiveCfg = Debug|Win32
		{29E7B0C2-A92D-4F53-BEA4-53A7BE7D3686}.Debug|x86.Build.0 = Debug|Win32
		{29E7B0C2-A92D-4F53-BEA4-53A7BE7D3686}.Release|x64.ActiveCfg = Release|x64
		{29E7B0C2-A92D-4F53-BEA4-53A7BE7D3686}.Release|x64.Build.0 = Release|x64
		{29E7B0C2-A92D-4F53-BEA4-53A7BE7D3686}.Release|x86.ActiveCfg = Release|Win32
		{29E7B0C2-A92D-4F53-BEA4-53A7BE7D3686}.Release|x86.Build.0 = Release|Win32
		{FFDBE972-5D8F-4F2D-8E03-343FBCB23B13}.Debug|x64.ActiveCfg = Debug|x64
		{FFDBE972-5D8F-4F2D-8E03-343FBCB23B13}.Debug|x64.Build.0 = Debug|x64
		{FFDBE972-5D8F-4F2D-8E03-343FBCB23B13}.Debug|x86.ActiveCfg = Debug|Win32
		{FFDBE972-5D8F-4F2D-8E03-343FBCB23B13}.Debug|x86.Build.0 = Debug|Win32
		{FFDBE972-5D8F-4F2D-8E03-343FBCB23B13}.Release|x64.ActiveCfg = Release|x64
		{FFDBE972-5D8F-4F2D-8E03-343FBCB23B13}.Release|x64.Build.0 = Release|x64
		{FFDBE972-5D8F-4F2D-8E03-343FBCB23B13}.Release|x86.ActiveCfg = Release|Win32
		{FFDBE972-5D8F-4F2D-8E03-343FBCB23B13}.Release|x86.Build.0 = Release|Win32
		{A6D1D0BA-3AD3-44AC-A84A-01EFE3A55162}.Debug|x64.ActiveCfg = Debug|x64
		{A6D1D0BA-3AD3-44AC-A84A-01EFE3A55162}.Debug|x64.Build.0 = Debug|x64
		{A6D1D0BA-3AD3-44AC-A84A-01EFE3A55162}.Debug|x86.ActiveCfg = Debug|Win32
		{A6D1D0BA-3AD3-44AC-A84A-01EFE3A55162}.Debug|x86.Build.0 = Debug|Win32
		{A6D1D0BA-3AD3-44AC-A84A-01EFE3A55162}.Release|x64.ActiveCfg = Release|x64
		{A6D1D0BA-3AD3-44AC-A84A-01EFE3A55162}.Release|x64.Build.0 = Release|x64
		{A6D1D0BA-3AD3-44AC-A84A-01EFE3A55162}.Release|x86.ActiveCfg = Release|Win32
		{A6D1D0BA-3AD3-44AC-A84A-01EFE3A55162}.Release|x86.Build.0 = Release|Win32
		{E9AC5ADA-0B03-4A3A-8A96-84CFCB618AC2}.Debug|x64.ActiveCfg = Debug|x64
		{E9AC5ADA-0B03-4A3A-8A96-84CFCB618AC2}.Debug|x64.Build.0 = Debug|x64
		{E9AC5ADA-0B03-4A3A-8A96-84CFCB618AC2}.Debug|x86.ActiveCfg = Debug|Win32
		{E9AC5ADA-0B03-4A3A-8A96-84CFCB618AC2}.Debug|x86.Build.0 = Debug|Win32
		{E9AC5ADA-0B03-4A3A-8A96-84CFCB618AC2}.Release|x64.ActiveCfg = Release|x64
		{E9AC5ADA-0B03-4A3A-8A96-84CFCB618AC2}.Release|x64.Build.0 = Release|x64
		{E9AC5ADA-0B03-4A3A-8A96-84CFCB618AC2}.Release|x86.ActiveCfg = Release|Win32
		{E9AC5ADA-0B03-4A3A-8A96-84CFCB618AC2}.Release|x86.Build.0 = Release|Win32
		{0D516FC8-A348-4CAA-90F8-C24A0BC6A846}.Debug|x64.ActiveCfg = Debug|x64
		{0D516FC8-A348-4CAA-90F8-C24A0BC6A846}.Debug|x64.Build.0 = Debug|x64
		{0D516FC8-A348-4CAA-90F8-C24A0BC6A846}.Debug|x86.ActiveCfg = Debug|Win32
		{0D516FC8-A348-4CAA-90F8-C24A0BC6A846}.Debug|x86.Build.0 = Debug|Win32
		{0D516FC8-A348-4CAA-90F8-C24A0BC6A846}.Release|x64.ActiveCfg = Release|x64
		{0D516FC8-A348-4CAA-90F8-C24A0BC6A846}.Release|x64.Build.0 = Release|x64
		{0D516FC8-A348-4CAA-90F8-C24A0BC6A846}.Release|x86.ActiveCfg = Release|Win32
		{0D516FC8-A348-4CAA-90F8-C24A0BC6A846}.Release|x86.Build.0 = Release|Win32
		{99DB7D21-C088-4568-B186-6F93066C4CAF}.Debug|x64.ActiveCfg = Debug|x64
		{99DB7D21-C088-4568-B186-6F93066C4CAF}.Debug|x64.Build.0 = Debug|x64
		{99DB7D21-C088-4568-B186-6F93066C4CAF}.Debug|x86.ActiveCfg = Debug|Win32
		{99DB7D21-C088-4568-B186-6F93066C4CAF}.Debug|x86.Build.0 = Debug|Win32
		{99DB7D21-C088-4568-B186-6F93066C4CAF}.Release|x64.ActiveCfg = Release|x64
		{99DB7D21-C088-4568-B186-6F93066C4CAF}.Release|x64.Build.0 = Release|x64
		{99DB7D21-C088-4568-B186-6F93066C4CAF}.Release|x86.ActiveCfg = Release|Win32
		{99DB7D21-C088-4568-B186-6F93066C4CAF}.Release|x86.Build.0 = Release|Win32
		{B3B07D8C-68CF-4CD2-9CAC-CB84E693180D}.Debug|x64.ActiveCfg = Debug|x64
		{B3B07D8C-68CF-4CD2-9CAC-CB84E693180D}.Debug|x64.Build.0 = Debug|x64
		{B3B07D8C-68CF-4CD2-9CAC-CB84E693180D}.Debug|x86.ActiveCfg = Debug|Win32
		{B3B07D8C-68CF-4CD2-9CAC-CB84E693180D}.Debug|x86.Build.0 = Debug|Win32
		{B3B07D8C-68CF-4CD2-9CAC-CB84E693180D}.Release|x64.ActiveCfg = Release|x64
		{B3B07D8C-68CF-4CD2-9CAC-CB84E693180D}.Release|x64.Build.0 = Release|x64
		{B3B07D8C-68CF-4CD2-9CAC-CB84E693180D}.Release|x86.ActiveCfg = Release|Win32
		{B3B07D8C-68CF-4CD2-9CAC-CB84E693180D}.Release|x86.Build.0 = Release|Win32
		{EDFA6790-E5F8-4B41-AC53-56E7AEB0941D}.Debug|x64.ActiveCfg = Debug|x64
		{EDFA6790-E5F8-4B41-AC53-56E7AEB0941D}.Debug|x64.Build.0 = Debug|x64
		{EDFA6790-E5F8-4B41-AC53-56E7AEB0941D}.Debug|x86.ActiveCfg = Debug|Win32
		{EDFA6790-E5F8-4B41-AC53-56E7AEB0941D}.Debug|x86.Build.0 = Debug|Win32
		{EDFA6790-E5F8-4B41-AC53-56E7AEB0941D}.Release|x64.ActiveCfg = Release|x64
		{EDFA6790-E5F8-4B41-AC53-56E7AEB0941D}.Release|x64.Build.0 = Release|x64
		{EDFA6790-E5F8-4B41-AC53-56E7AEB0941D}.Release|x86.ActiveCfg = Release|Win32
		{EDFA6790-E5F8-4B41-AC53-56E7AEB0941D}.Release|x86.Build.0 = Release|Win32
		{DD1242BD-705D-4466-B694-2CB16136F384}.Debug|x64.ActiveCfg = Debug|x64
		{DD1242BD-705D-4466-B694-2CB16136F384}.Debug|x64.Build.0 = Debug|x64
		{DD1242BD-705D-4466-B694-2CB16136F384}.Debug|x86.ActiveCfg = Debug|Win32
		{DD1242BD-705D-4466-B694-2CB16136F384}.Debug|x86.Build.0 = Debug|Win32
		{DD1242BD-705D-4466-B694-2CB16136F384}.Release|x64.ActiveCfg = Release|x64
		{DD1242BD-705D-4466-B694-2CB16136F384}.Release|x64.Build.0 = Release|x64
		{DD1242BD-705D-4466-B694-2CB16136F384}.Release|x86.ActiveCfg = Release|Win32
		{DD1242BD-705D-4466-B694-2CB16136F384}.Release|x86.Build.0 = Release|Win32
		{30192532-DBBD-4F8C-973E-11BC8975300A}.Debug|x64.ActiveCfg = Debug|x64
		{30192532-DBBD-4F8C-973E-11BC8975300A}.Debug|x64.Build.0 = Debug|x64
		{30192532-DBBD-4F8C-973E-11BC8975300A}.Debug|x86.ActiveCfg = Debug|Win32
		{30192532-DBBD-4F8C-973E-11BC8975300A}.Debug|x86.Build.0 = Debug|Win32
		{30192532-DBBD-4F8C-973E-11BC8975300A}.Release|x64.ActiveCfg = Release|x64
		{30192532-DBBD-4F8C-973E-11BC8975300A}.Release|x64.Build.0 = Release|x64
		{30192532-DBBD-4F8C-973E-11BC8975300A}.Release|x86.ActiveCfg = Release|Win32
		{30192532-DBBD-4F8C-973E-11BC8975300A}.Release|x86.Build.0 = Release|Win32
		{F1206F9F-35AB-4686-8A36-206ABD1E83E3}.Debug|x64.ActiveCfg = Debug|x64
		{F1206F9F-35AB-4686-8A36-206ABD1E83E3}.Debug|x64.Build.0 = Debug|x64
		{F1206F9F-35AB-4686-8A36-206ABD1E83E3}.Debug|x86.ActiveCfg = Debug|Win32
		{F1206F9F-35AB-4686-8A36-206ABD1E83E3}.Debug|x86.Build.0 = Debug|Win32
		{F1206F9F-35AB-4686-8A36-206ABD1E83E3}.Release|x64.ActiveCfg = Release|x64
		{F1206F9F-35AB-4686-8A36-206ABD1E83E3}.Release|x64.Build.0 = Release|x64
		{F1206F9F-35AB-4686-8A36-206ABD1E83E3}.Release|x86.ActiveCfg = Release|Win32
		{F1206F9F-35AB-4686-8A36-206ABD1E83E3}.Release|x86.Build.0 = Release|Win32
		{D5337B59-D2E2-44E8-BEEB-DEFBCAECC41E}.Debug|x64.ActiveCfg = Debug|x64
		{D5337B59-D2E2-44E8-BEEB-DEFBCAECC41E}.Debug|x64.Build.0 = Debug|x64
		{D5337B59-D2E2-44E8-BEEB-DEFBCAECC41E}.Debug|x86.ActiveCfg = Debug|Win32
		{D5337B59-D2E2-44E8-BEEB-DEFBCAECC41E}.Debug|x86.Build.0 = Debug|Win32
		{D5337B59-D2E2-44E8-BEEB-DEFBCAECC41E}.Release|x64.ActiveCfg = Release|x64
		{D5337B59-D2E2-44E8-BEEB-DEFBCAECC41E}.Release|x64.Build.0 = Release|x64
		{D5337B59-D2E2-44E8-BEEB-DEFBCAECC41E}.Release|x86.ActiveCfg = Release|Win32
		{D5337B59-D2E2-44E8-BEEB-DEFBCAECC41E}.Release|x86.Build.0 = Release|Win32
		{33C61B81-E14C-4610-A1ED-9DC865AD059B}.Debug|x64.ActiveCfg = Debug|x64
		{33C61B81-E14C-4610-A1ED-9DC865AD059B}.Debug|x64.Build.0 = Debug|x64
		{33C61B81-E14C-4610-A1ED-9DC865AD059B}.Debug|x86.ActiveCfg = Debug|Win32
		{33C61B81-E14C-4610-A1ED-9DC865AD059B}.Debug|x86.Build.0 = Debug|Win32
		{33C61B81-E14C-4610-A1ED-9DC865AD059B}.Release|x64.ActiveCfg = Release|x64
		{33C61B81-E14C-4610-A1ED-9DC865AD059B}.Release|x64.Build.0 = Release|x64
		{33C61B81-E14C-4610-A1ED-9DC865AD059B}.Release|x86.ActiveCfg = Release|Win32
		{33C61B81-E14C-4610-A1ED-9DC865AD059B}.Release|x86.Build.0 = Release|Win32
		{3DEC82EE-3883-451B-94CE-25E0E2FF9DDA}.Debug|x64.ActiveCfg = Debug|x64
		{3DEC82EE-3883-451B-94CE-25E0E2FF9DDA}.Debug|x64.Build.0 = Debug|x64
		{3DEC82EE-3883-451B-94CE-25E0E2FF9DDA}.Debug|x86.ActiveCfg = Debug|Win32
		{3DEC82EE-3883-451B-94CE-25E0E2FF9DDA}.Debug|x86.Build.0 = Debug|Win32
		{3DEC82EE-3883-451B-94CE-25E0E2FF9DDA}.Release|x64.ActiveCfg = Release|x64
		{3DEC82EE-3883-451B-94CE-25E0E2FF9DDA}.Release|x64.Build.0 = Release|x64
		{3DEC82EE-3883-451B-94CE-25E0E2FF9DDA}.Release|x86.ActiveCfg = Release|Win32
		{3DEC82EE-3883-451B-94CE-25E0E2FF9DDA}.Release|x86.Build.0 = Release|Win32
	EndGlobalSection
	GlobalSection(SolutionProperties) = preSolution
		HideSolutionNode = FALSE
	EndGlobalSection
	GlobalSection(NestedProjects) = preSolution
		{B28E711C-B75D-4356-891C-56858C2BB47E} = {871757A7-34B6-424E-8CD8-92EAD05EEF4A}
		{28171430-7762-4A9F-98D8-D515A5C78A32} = {871757A7-34B6-424E-8CD8-92EAD05EEF4A}
		{9641CC52-A19B-4CBA-9F16-306D26F2E398} = {871757A7-34B6-424E-8CD8-92EAD05EEF4A}
		{DEE2A257-7B21-47B3-A66D-3CCDF77356BA} = {871757A7-34B6-424E-8CD8-92EAD05EEF4A}
		{7CD0AA15-E82F-44A1-BCFA-87D40B47ABB3} = {871757A7-34B6-424E-8CD8-92EAD05EEF4A}
		{D420AA1C-3A07-4B2E-BA81-5F83B84D81BB} = {871757A7-34B6-424E-8CD8-92EAD05EEF4A}
		{A547C017-5468-41EB-9744-3B200708FB71} = {871757A7-34B6-424E-8CD8-92EAD05EEF4A}
		{E27ADD6B-E3BA-4FD1-AB6B-8A0B05BCE55E} = {871757A7-34B6-424E-8CD8-92EAD05EEF4A}
		{CFBC611D-9E55-4C5E-A3BD-0199C3D49F4D} = {871757A7-34B6-424E-8CD8-92EAD05EEF4A}
		{29E7B0C2-A92D-4F53-BEA4-53A7BE7D3686} = {754DFEE7-988E-4314-9E54-DAB65100AAB8}
		{FFDBE972-5D8F-4F2D-8E03-343FBCB23B13} = {871757A7-34B6-424E-8CD8-92EAD05EEF4A}
		{A6D1D0BA-3AD3-44AC-A84A-01EFE3A55162} = {871757A7-34B6-424E-8CD8-92EAD05EEF4A}
		{E9AC5ADA-0B03-4A3A-8A96-84CFCB618AC2} = {754DFEE7-988E-4314-9E54-DAB65100AAB8}
		{0D516FC8-A348-4CAA-90F8-C24A0BC6A846} = {754DFEE7-988E-4314-9E54-DAB65100AAB8}
		{99DB7D21-C088-4568-B186-6F93066C4CAF} = {871757A7-34B6-424E-8CD8-92EAD05EEF4A}
		{B3B07D8C-68CF-4CD2-9CAC-CB84E693180D} = {754DFEE7-988E-4314-9E54-DAB65100AAB8}
		{EDFA6790-E5F8-4B41-AC53-56E7AEB0941D} = {871757A7-34B6-424E-8CD8-92EAD05EEF4A}
		{DD1242BD-705D-4466-B694-2CB16136F384} = {871757A7-34B6-424E-8CD8-92EAD05EEF4A}
		{30192532-DBBD-4F8C-973E-11BC8975300A} = {754DFEE7-988E-4314-9E54-DAB65100AAB8}
		{F1206F9F-35AB-4686-8A36-206ABD1E83E3} = {754DFEE7-988E-4314-9E54-DAB65100AAB8}
		{D5337B59-D2E2-44E8-BEEB-DEFBCAECC41E} = {871757A7-34B6-424E-8CD8-92EAD05EEF4A}
		{33C61B81-E14C-4610-A1ED-9DC865AD059B} = {871757A7-34B6-424E-8CD8-92EAD05EEF4A}
		{3DEC82EE-3883-451B-94CE-25E0E2FF9DDA} = {871757A7-34B6-424E-8CD8-92EAD05EEF4A}
	EndGlobalSection
EndGlobal
